
Microsoft Visual Studio Solution File, Format Version 12.00
# Visual Studio Version 16
VisualStudioVersion = 16.0.31005.135
MinimumVisualStudioVersion = 10.0.40219.1
Project("{FAE04EC0-301F-11D3-BF4B-00C04F79EFBC}") = "XamarinPoc.UWP", "XamarinPoc\XamarinPoc.UWP\XamarinPoc.UWP.csproj", "{A80FFBA9-574F-4C7B-80C6-984AE144D1D8}"
EndProject
Project("{FAE04EC0-301F-11D3-BF4B-00C04F79EFBC}") = "XamarinPoc.Android", "XamarinPoc\XamarinPoc.Android\XamarinPoc.Android.csproj", "{BFD91939-05E9-4895-B1DF-33A11BADD592}"
EndProject
Project("{FAE04EC0-301F-11D3-BF4B-00C04F79EFBC}") = "XamarinPoc.iOS", "XamarinPoc\XamarinPoc.iOS\XamarinPoc.iOS.csproj", "{BE4E6F5B-BF52-4803-ABA9-E54661B42E34}"
EndProject
Project("{FAE04EC0-301F-11D3-BF4B-00C04F79EFBC}") = "XamarinPoc", "XamarinPoc\XamarinPoc\XamarinPoc.csproj", "{37FB1383-2C15-44B3-87E7-BF8D20B87293}"
EndProject
Global
	GlobalSection(SolutionConfigurationPlatforms) = preSolution
		Debug|Any CPU = Debug|Any CPU
		Debug|ARM = Debug|ARM
		Debug|iPhone = Debug|iPhone
		Debug|iPhoneSimulator = Debug|iPhoneSimulator
		Debug|x64 = Debug|x64
		Debug|x86 = Debug|x86
		Release|Any CPU = Release|Any CPU
		Release|ARM = Release|ARM
		Release|iPhone = Release|iPhone
		Release|iPhoneSimulator = Release|iPhoneSimulator
		Release|x64 = Release|x64
		Release|x86 = Release|x86
	EndGlobalSection
	GlobalSection(ProjectConfigurationPlatforms) = postSolution
		{A80FFBA9-574F-4C7B-80C6-984AE144D1D8}.Debug|Any CPU.ActiveCfg = Debug|x86
		{A80FFBA9-574F-4C7B-80C6-984AE144D1D8}.Debug|Any CPU.Build.0 = Debug|x86
		{A80FFBA9-574F-4C7B-80C6-984AE144D1D8}.Debug|Any CPU.Deploy.0 = Debug|x86
		{A80FFBA9-574F-4C7B-80C6-984AE144D1D8}.Debug|ARM.ActiveCfg = Debug|ARM
		{A80FFBA9-574F-4C7B-80C6-984AE144D1D8}.Debug|ARM.Build.0 = Debug|ARM
		{A80FFBA9-574F-4C7B-80C6-984AE144D1D8}.Debug|ARM.Deploy.0 = Debug|ARM
		{A80FFBA9-574F-4C7B-80C6-984AE144D1D8}.Debug|iPhone.ActiveCfg = Debug|x86
		{A80FFBA9-574F-4C7B-80C6-984AE144D1D8}.Debug|iPhone.Build.0 = Debug|x86
		{A80FFBA9-574F-4C7B-80C6-984AE144D1D8}.Debug|iPhone.Deploy.0 = Debug|x86
		{A80FFBA9-574F-4C7B-80C6-984AE144D1D8}.Debug|iPhoneSimulator.ActiveCfg = Debug|x86
		{A80FFBA9-574F-4C7B-80C6-984AE144D1D8}.Debug|iPhoneSimulator.Build.0 = Debug|x86
		{A80FFBA9-574F-4C7B-80C6-984AE144D1D8}.Debug|iPhoneSimulator.Deploy.0 = Debug|x86
		{A80FFBA9-574F-4C7B-80C6-984AE144D1D8}.Debug|x64.ActiveCfg = Debug|x64
		{A80FFBA9-574F-4C7B-80C6-984AE144D1D8}.Debug|x64.Build.0 = Debug|x64
		{A80FFBA9-574F-4C7B-80C6-984AE144D1D8}.Debug|x64.Deploy.0 = Debug|x64
		{A80FFBA9-574F-4C7B-80C6-984AE144D1D8}.Debug|x86.ActiveCfg = Debug|x86
		{A80FFBA9-574F-4C7B-80C6-984AE144D1D8}.Debug|x86.Build.0 = Debug|x86
		{A80FFBA9-574F-4C7B-80C6-984AE144D1D8}.Debug|x86.Deploy.0 = Debug|x86
		{A80FFBA9-574F-4C7B-80C6-984AE144D1D8}.Release|Any CPU.ActiveCfg = Release|x86
		{A80FFBA9-574F-4C7B-80C6-984AE144D1D8}.Release|Any CPU.Build.0 = Release|x86
		{A80FFBA9-574F-4C7B-80C6-984AE144D1D8}.Release|Any CPU.Deploy.0 = Release|x86
		{A80FFBA9-574F-4C7B-80C6-984AE144D1D8}.Release|ARM.ActiveCfg = Release|ARM
		{A80FFBA9-574F-4C7B-80C6-984AE144D1D8}.Release|ARM.Build.0 = Release|ARM
		{A80FFBA9-574F-4C7B-80C6-984AE144D1D8}.Release|ARM.Deploy.0 = Release|ARM
		{A80FFBA9-574F-4C7B-80C6-984AE144D1D8}.Release|iPhone.ActiveCfg = Release|x86
		{A80FFBA9-574F-4C7B-80C6-984AE144D1D8}.Release|iPhone.Build.0 = Release|x86
		{A80FFBA9-574F-4C7B-80C6-984AE144D1D8}.Release|iPhone.Deploy.0 = Release|x86
		{A80FFBA9-574F-4C7B-80C6-984AE144D1D8}.Release|iPhoneSimulator.ActiveCfg = Release|x86
		{A80FFBA9-574F-4C7B-80C6-984AE144D1D8}.Release|iPhoneSimulator.Build.0 = Release|x86
		{A80FFBA9-574F-4C7B-80C6-984AE144D1D8}.Release|iPhoneSimulator.Deploy.0 = Release|x86
		{A80FFBA9-574F-4C7B-80C6-984AE144D1D8}.Release|x64.ActiveCfg = Release|x64
		{A80FFBA9-574F-4C7B-80C6-984AE144D1D8}.Release|x64.Build.0 = Release|x64
		{A80FFBA9-574F-4C7B-80C6-984AE144D1D8}.Release|x64.Deploy.0 = Release|x64
		{A80FFBA9-574F-4C7B-80C6-984AE144D1D8}.Release|x86.ActiveCfg = Release|x86
		{A80FFBA9-574F-4C7B-80C6-984AE144D1D8}.Release|x86.Build.0 = Release|x86
		{A80FFBA9-574F-4C7B-80C6-984AE144D1D8}.Release|x86.Deploy.0 = Release|x86
		{BFD91939-05E9-4895-B1DF-33A11BADD592}.Debug|Any CPU.ActiveCfg = Debug|Any CPU
		{BFD91939-05E9-4895-B1DF-33A11BADD592}.Debug|Any CPU.Build.0 = Debug|Any CPU
		{BFD91939-05E9-4895-B1DF-33A11BADD592}.Debug|Any CPU.Deploy.0 = Debug|Any CPU
		{BFD91939-05E9-4895-B1DF-33A11BADD592}.Debug|ARM.ActiveCfg = Debug|Any CPU
		{BFD91939-05E9-4895-B1DF-33A11BADD592}.Debug|ARM.Build.0 = Debug|Any CPU
		{BFD91939-05E9-4895-B1DF-33A11BADD592}.Debug|ARM.Deploy.0 = Debug|Any CPU
		{BFD91939-05E9-4895-B1DF-33A11BADD592}.Debug|iPhone.ActiveCfg = Debug|Any CPU
		{BFD91939-05E9-4895-B1DF-33A11BADD592}.Debug|iPhone.Build.0 = Debug|Any CPU
		{BFD91939-05E9-4895-B1DF-33A11BADD592}.Debug|iPhone.Deploy.0 = Debug|Any CPU
		{BFD91939-05E9-4895-B1DF-33A11BADD592}.Debug|iPhoneSimulator.ActiveCfg = Debug|Any CPU
		{BFD91939-05E9-4895-B1DF-33A11BADD592}.Debug|iPhoneSimulator.Build.0 = Debug|Any CPU
		{BFD91939-05E9-4895-B1DF-33A11BADD592}.Debug|iPhoneSimulator.Deploy.0 = Debug|Any CPU
		{BFD91939-05E9-4895-B1DF-33A11BADD592}.Debug|x64.ActiveCfg = Debug|Any CPU
		{BFD91939-05E9-4895-B1DF-33A11BADD592}.Debug|x64.Build.0 = Debug|Any CPU
		{BFD91939-05E9-4895-B1DF-33A11BADD592}.Debug|x64.Deploy.0 = Debug|Any CPU
		{BFD91939-05E9-4895-B1DF-33A11BADD592}.Debug|x86.ActiveCfg = Debug|Any CPU
		{BFD91939-05E9-4895-B1DF-33A11BADD592}.Debug|x86.Build.0 = Debug|Any CPU
		{BFD91939-05E9-4895-B1DF-33A11BADD592}.Debug|x86.Deploy.0 = Debug|Any CPU
		{BFD91939-05E9-4895-B1DF-33A11BADD592}.Release|Any CPU.ActiveCfg = Release|Any CPU
		{BFD91939-05E9-4895-B1DF-33A11BADD592}.Release|Any CPU.Build.0 = Release|Any CPU
		{BFD91939-05E9-4895-B1DF-33A11BADD592}.Release|Any CPU.Deploy.0 = Release|Any CPU
		{BFD91939-05E9-4895-B1DF-33A11BADD592}.Release|ARM.ActiveCfg = Release|Any CPU
		{BFD91939-05E9-4895-B1DF-33A11BADD592}.Release|ARM.Build.0 = Release|Any CPU
		{BFD91939-05E9-4895-B1DF-33A11BADD592}.Release|ARM.Deploy.0 = Release|Any CPU
		{BFD91939-05E9-4895-B1DF-33A11BADD592}.Release|iPhone.ActiveCfg = Release|Any CPU
		{BFD91939-05E9-4895-B1DF-33A11BADD592}.Release|iPhone.Build.0 = Release|Any CPU
		{BFD91939-05E9-4895-B1DF-33A11BADD592}.Release|iPhone.Deploy.0 = Release|Any CPU
		{BFD91939-05E9-4895-B1DF-33A11BADD592}.Release|iPhoneSimulator.ActiveCfg = Release|Any CPU
		{BFD91939-05E9-4895-B1DF-33A11BADD592}.Release|iPhoneSimulator.Build.0 = Release|Any CPU
		{BFD91939-05E9-4895-B1DF-33A11BADD592}.Release|iPhoneSimulator.Deploy.0 = Release|Any CPU
		{BFD91939-05E9-4895-B1DF-33A11BADD592}.Release|x64.ActiveCfg = Release|Any CPU
		{BFD91939-05E9-4895-B1DF-33A11BADD592}.Release|x64.Build.0 = Release|Any CPU
		{BFD91939-05E9-4895-B1DF-33A11BADD592}.Release|x64.Deploy.0 = Release|Any CPU
		{BFD91939-05E9-4895-B1DF-33A11BADD592}.Release|x86.ActiveCfg = Release|Any CPU
		{BFD91939-05E9-4895-B1DF-33A11BADD592}.Release|x86.Build.0 = Release|Any CPU
		{BFD91939-05E9-4895-B1DF-33A11BADD592}.Release|x86.Deploy.0 = Release|Any CPU
		{BE4E6F5B-BF52-4803-ABA9-E54661B42E34}.Debug|Any CPU.ActiveCfg = Debug|iPhoneSimulator
		{BE4E6F5B-BF52-4803-ABA9-E54661B42E34}.Debug|Any CPU.Build.0 = Debug|iPhoneSimulator
		{BE4E6F5B-BF52-4803-ABA9-E54661B42E34}.Debug|Any CPU.Deploy.0 = Debug|iPhoneSimulator
		{BE4E6F5B-BF52-4803-ABA9-E54661B42E34}.Debug|ARM.ActiveCfg = Debug|iPhone
		{BE4E6F5B-BF52-4803-ABA9-E54661B42E34}.Debug|ARM.Build.0 = Debug|iPhone
		{BE4E6F5B-BF52-4803-ABA9-E54661B42E34}.Debug|ARM.Deploy.0 = Debug|iPhone
		{BE4E6F5B-BF52-4803-ABA9-E54661B42E34}.Debug|iPhone.ActiveCfg = Debug|iPhone
		{BE4E6F5B-BF52-4803-ABA9-E54661B42E34}.Debug|iPhone.Build.0 = Debug|iPhone
		{BE4E6F5B-BF52-4803-ABA9-E54661B42E34}.Debug|iPhone.Deploy.0 = Debug|iPhone
		{BE4E6F5B-BF52-4803-ABA9-E54661B42E34}.Debug|iPhoneSimulator.ActiveCfg = Debug|iPhoneSimulator
		{BE4E6F5B-BF52-4803-ABA9-E54661B42E34}.Debug|iPhoneSimulator.Build.0 = Debug|iPhoneSimulator
		{BE4E6F5B-BF52-4803-ABA9-E54661B42E34}.Debug|iPhoneSimulator.Deploy.0 = Debug|iPhoneSimulator
		{BE4E6F5B-BF52-4803-ABA9-E54661B42E34}.Debug|x64.ActiveCfg = Debug|iPhoneSimulator
		{BE4E6F5B-BF52-4803-ABA9-E54661B42E34}.Debug|x64.Build.0 = Debug|iPhoneSimulator
		{BE4E6F5B-BF52-4803-ABA9-E54661B42E34}.Debug|x64.Deploy.0 = Debug|iPhoneSimulator
		{BE4E6F5B-BF52-4803-ABA9-E54661B42E34}.Debug|x86.ActiveCfg = Debug|iPhoneSimulator
		{BE4E6F5B-BF52-4803-ABA9-E54661B42E34}.Debug|x86.Build.0 = Debug|iPhoneSimulator
		{BE4E6F5B-BF52-4803-ABA9-E54661B42E34}.Debug|x86.Deploy.0 = Debug|iPhoneSimulator
		{BE4E6F5B-BF52-4803-ABA9-E54661B42E34}.Release|Any CPU.ActiveCfg = Release|iPhoneSimulator
		{BE4E6F5B-BF52-4803-ABA9-E54661B42E34}.Release|Any CPU.Build.0 = Release|iPhoneSimulator
		{BE4E6F5B-BF52-4803-ABA9-E54661B42E34}.Release|Any CPU.Deploy.0 = Release|iPhoneSimulator
		{BE4E6F5B-BF52-4803-ABA9-E54661B42E34}.Release|ARM.ActiveCfg = Release|iPhoneSimulator
		{BE4E6F5B-BF52-4803-ABA9-E54661B42E34}.Release|ARM.Build.0 = Release|iPhoneSimulator
		{BE4E6F5B-BF52-4803-ABA9-E54661B42E34}.Release|ARM.Deploy.0 = Release|iPhoneSimulator
		{BE4E6F5B-BF52-4803-ABA9-E54661B42E34}.Release|iPhone.ActiveCfg = Release|iPhone
		{BE4E6F5B-BF52-4803-ABA9-E54661B42E34}.Release|iPhone.Build.0 = Release|iPhone
		{BE4E6F5B-BF52-4803-ABA9-E54661B42E34}.Release|iPhone.Deploy.0 = Release|iPhone
		{BE4E6F5B-BF52-4803-ABA9-E54661B42E34}.Release|iPhoneSimulator.ActiveCfg = Release|iPhoneSimulator
		{BE4E6F5B-BF52-4803-ABA9-E54661B42E34}.Release|iPhoneSimulator.Build.0 = Release|iPhoneSimulator
		{BE4E6F5B-BF52-4803-ABA9-E54661B42E34}.Release|iPhoneSimulator.Deploy.0 = Release|iPhoneSimulator
		{BE4E6F5B-BF52-4803-ABA9-E54661B42E34}.Release|x64.ActiveCfg = Release|iPhoneSimulator
		{BE4E6F5B-BF52-4803-ABA9-E54661B42E34}.Release|x64.Build.0 = Release|iPhoneSimulator
		{BE4E6F5B-BF52-4803-ABA9-E54661B42E34}.Release|x64.Deploy.0 = Release|iPhoneSimulator
		{BE4E6F5B-BF52-4803-ABA9-E54661B42E34}.Release|x86.ActiveCfg = Release|iPhoneSimulator
		{BE4E6F5B-BF52-4803-ABA9-E54661B42E34}.Release|x86.Build.0 = Release|iPhoneSimulator
		{BE4E6F5B-BF52-4803-ABA9-E54661B42E34}.Release|x86.Deploy.0 = Release|iPhoneSimulator
		{37FB1383-2C15-44B3-87E7-BF8D20B87293}.Debug|Any CPU.ActiveCfg = Debug|Any CPU
		{37FB1383-2C15-44B3-87E7-BF8D20B87293}.Debug|Any CPU.Build.0 = Debug|Any CPU
		{37FB1383-2C15-44B3-87E7-BF8D20B87293}.Debug|Any CPU.Deploy.0 = Debug|Any CPU
		{37FB1383-2C15-44B3-87E7-BF8D20B87293}.Debug|ARM.ActiveCfg = Debug|Any CPU
		{37FB1383-2C15-44B3-87E7-BF8D20B87293}.Debug|ARM.Build.0 = Debug|Any CPU
		{37FB1383-2C15-44B3-87E7-BF8D20B87293}.Debug|ARM.Deploy.0 = Debug|Any CPU
		{37FB1383-2C15-44B3-87E7-BF8D20B87293}.Debug|iPhone.ActiveCfg = Debug|Any CPU
		{37FB1383-2C15-44B3-87E7-BF8D20B87293}.Debug|iPhone.Build.0 = Debug|Any CPU
		{37FB1383-2C15-44B3-87E7-BF8D20B87293}.Debug|iPhone.Deploy.0 = Debug|Any CPU
		{37FB1383-2C15-44B3-87E7-BF8D20B87293}.Debug|iPhoneSimulator.ActiveCfg = Debug|Any CPU
		{37FB1383-2C15-44B3-87E7-BF8D20B87293}.Debug|iPhoneSimulator.Build.0 = Debug|Any CPU
		{37FB1383-2C15-44B3-87E7-BF8D20B87293}.Debug|iPhoneSimulator.Deploy.0 = Debug|Any CPU
		{37FB1383-2C15-44B3-87E7-BF8D20B87293}.Debug|x64.ActiveCfg = Debug|Any CPU
		{37FB1383-2C15-44B3-87E7-BF8D20B87293}.Debug|x64.Build.0 = Debug|Any CPU
		{37FB1383-2C15-44B3-87E7-BF8D20B87293}.Debug|x64.Deploy.0 = Debug|Any CPU
		{37FB1383-2C15-44B3-87E7-BF8D20B87293}.Debug|x86.ActiveCfg = Debug|Any CPU
		{37FB1383-2C15-44B3-87E7-BF8D20B87293}.Debug|x86.Build.0 = Debug|Any CPU
		{37FB1383-2C15-44B3-87E7-BF8D20B87293}.Debug|x86.Deploy.0 = Debug|Any CPU
		{37FB1383-2C15-44B3-87E7-BF8D20B87293}.Release|Any CPU.ActiveCfg = Release|Any CPU
		{37FB1383-2C15-44B3-87E7-BF8D20B87293}.Release|Any CPU.Build.0 = Release|Any CPU
		{37FB1383-2C15-44B3-87E7-BF8D20B87293}.Release|Any CPU.Deploy.0 = Release|Any CPU
		{37FB1383-2C15-44B3-87E7-BF8D20B87293}.Release|ARM.ActiveCfg = Release|Any CPU
		{37FB1383-2C15-44B3-87E7-BF8D20B87293}.Release|ARM.Build.0 = Release|Any CPU
		{37FB1383-2C15-44B3-87E7-BF8D20B87293}.Release|ARM.Deploy.0 = Release|Any CPU
		{37FB1383-2C15-44B3-87E7-BF8D20B87293}.Release|iPhone.ActiveCfg = Release|Any CPU
		{37FB1383-2C15-44B3-87E7-BF8D20B87293}.Release|iPhone.Build.0 = Release|Any CPU
		{37FB1383-2C15-44B3-87E7-BF8D20B87293}.Release|iPhone.Deploy.0 = Release|Any CPU
		{37FB1383-2C15-44B3-87E7-BF8D20B87293}.Release|iPhoneSimulator.ActiveCfg = Release|Any CPU
		{37FB1383-2C15-44B3-87E7-BF8D20B87293}.Release|iPhoneSimulator.Build.0 = Release|Any CPU
		{37FB1383-2C15-44B3-87E7-BF8D20B87293}.Release|iPhoneSimulator.Deploy.0 = Release|Any CPU
		{37FB1383-2C15-44B3-87E7-BF8D20B87293}.Release|x64.ActiveCfg = Release|Any CPU
		{37FB1383-2C15-44B3-87E7-BF8D20B87293}.Release|x64.Build.0 = Release|Any CPU
		{37FB1383-2C15-44B3-87E7-BF8D20B87293}.Release|x64.Deploy.0 = Release|Any CPU
		{37FB1383-2C15-44B3-87E7-BF8D20B87293}.Release|x86.ActiveCfg = Release|Any CPU
		{37FB1383-2C15-44B3-87E7-BF8D20B87293}.Release|x86.Build.0 = Release|Any CPU
		{37FB1383-2C15-44B3-87E7-BF8D20B87293}.Release|x86.Deploy.0 = Release|Any CPU
	EndGlobalSection
	GlobalSection(SolutionProperties) = preSolution
		HideSolutionNode = FALSE
	EndGlobalSection
	GlobalSection(ExtensibilityGlobals) = postSolution
		SolutionGuid = {4E43B200-92AE-43B9-8B45-7B9D249D8444}
	EndGlobalSection
EndGlobal
